{
  "version": 4,
  "terraform_version": "1.0.9",
  "serial": 13,
  "lineage": "731a7018-44d2-87c7-c72c-7fea0038f689",
  "outputs": {},
  "resources": [
    {
      "module": "module.production",
      "mode": "managed",
      "type": "aws_internet_gateway",
      "name": "mjkim_ig",
      "provider": "module.production.provider[\"registry.terraform.io/hashicorp/aws\"]",
      "instances": [
        {
          "schema_version": 0,
          "attributes": {
            "arn": "arn:aws:ec2:ap-northeast-2:009543462659:internet-gateway/igw-05a56f1fdcc3ce4a8",
            "id": "igw-05a56f1fdcc3ce4a8",
            "owner_id": "009543462659",
            "tags": {
              "Name": "mjkim-ig"
            },
            "tags_all": {
              "Name": "mjkim-ig"
            },
            "vpc_id": "vpc-0a269bad08b6ce9aa"
          },
          "sensitive_attributes": [],
          "private": "bnVsbA==",
          "dependencies": [
            "module.production.aws_vpc.mjkim_vpc"
          ]
        }
      ]
    },
    {
      "module": "module.production",
      "mode": "managed",
      "type": "aws_key_pair",
      "name": "mjkim_key",
      "provider": "module.production.provider[\"registry.terraform.io/hashicorp/aws\"]",
      "instances": [
        {
          "schema_version": 1,
          "attributes": {
            "arn": "arn:aws:ec2:ap-northeast-2:009543462659:key-pair/var.key1",
            "fingerprint": "3e:1d:e2:18:43:c5:49:42:91:d6:b8:b7:97:91:9a:e9",
            "id": "var.key1",
            "key_name": "var.key1",
            "key_name_prefix": null,
            "key_pair_id": "key-0eea52e9f881b67fd",
            "public_key": "ssh-rsa AAAAB3NzaC1yc2EAAAADAQABAAABgQCwUJ5DVMDCogvFzLYeEQO7NLZ6ZLwiUF/4yTiQ6ty9JZup2N/rzgI2qjWobD+IVDdU38TVMXLGfcnE0WorrQGFdwJRpA9f/ru5Hk7oxrlAIpOW6LF0wIWX9ugeV4Ws9n21AhQcCbksCOh0tdYMVdaGYEnDxfRqevIXsk2Vm1yVBfKQzy+ldlY5sDpxFZOkrxxDo9NAB6BAmgWF+AvOXMWTVl9hAEtncVzuGsagIDJvHRlv5lB95TdEEBIwVIclZeuMKlpFRfdHkxb38qGBSlYBUvHtqNKzdFKpZzmrPgqgzGBIKCFvMwsh+f4tnJ5xkXEAwLu/9Ab9/dzyg1HgKgLgQc2+6Xo92bL74cxK+fwtQH5tfgBZgW/XugKE0gxDoV5mnzlcWnJJ4wslh8Jacuvsq8zXQkTLJBRFa+pEEpJD176S1WqoFCOPMn8V1+7419P3TR+h1y00op4+th3OBW9EOROZD+FsF80B7447ihkxiP4GDpmGvDGC0h5fp5AiRCk= user@LAPTOP-CISI8I61",
            "tags": null,
            "tags_all": {}
          },
          "sensitive_attributes": [],
          "private": "eyJzY2hlbWFfdmVyc2lvbiI6IjEifQ=="
        }
      ]
    },
    {
      "module": "module.production",
      "mode": "managed",
      "type": "aws_route_table",
      "name": "mjkim_rt",
      "provider": "module.production.provider[\"registry.terraform.io/hashicorp/aws\"]",
      "instances": [
        {
          "schema_version": 0,
          "attributes": {
            "arn": "arn:aws:ec2:ap-northeast-2:009543462659:route-table/rtb-05412aa28cc7f356e",
            "id": "rtb-05412aa28cc7f356e",
            "owner_id": "009543462659",
            "propagating_vgws": [],
            "route": [
              {
                "carrier_gateway_id": "",
                "cidr_block": "0.0.0.0/0",
                "destination_prefix_list_id": "",
                "egress_only_gateway_id": "",
                "gateway_id": "igw-05a56f1fdcc3ce4a8",
                "instance_id": "",
                "ipv6_cidr_block": "",
                "local_gateway_id": "",
                "nat_gateway_id": "",
                "network_interface_id": "",
                "transit_gateway_id": "",
                "vpc_endpoint_id": "",
                "vpc_peering_connection_id": ""
              }
            ],
            "tags": {
              "Name": "mjkim-rt"
            },
            "tags_all": {
              "Name": "mjkim-rt"
            },
            "timeouts": null,
            "vpc_id": "vpc-0a269bad08b6ce9aa"
          },
          "sensitive_attributes": [],
          "private": "eyJlMmJmYjczMC1lY2FhLTExZTYtOGY4OC0zNDM2M2JjN2M0YzAiOnsiY3JlYXRlIjoxMjAwMDAwMDAwMDAsImRlbGV0ZSI6MzAwMDAwMDAwMDAwLCJ1cGRhdGUiOjEyMDAwMDAwMDAwMH19",
          "dependencies": [
            "module.production.aws_internet_gateway.mjkim_ig",
            "module.production.aws_vpc.mjkim_vpc"
          ]
        }
      ]
    },
    {
      "module": "module.production",
      "mode": "managed",
      "type": "aws_route_table_association",
      "name": "mjkim_rtas_a",
      "provider": "module.production.provider[\"registry.terraform.io/hashicorp/aws\"]",
      "instances": [
        {
          "index_key": 0,
          "schema_version": 0,
          "attributes": {
            "gateway_id": "",
            "id": "rtbassoc-01d96ebfb9beb0ade",
            "route_table_id": "rtb-05412aa28cc7f356e",
            "subnet_id": "subnet-01f4ffab6b7eebba5"
          },
          "sensitive_attributes": [],
          "private": "bnVsbA==",
          "dependencies": [
            "module.production.aws_internet_gateway.mjkim_ig",
            "module.production.aws_route_table.mjkim_rt",
            "module.production.aws_subnet.mjkim_pub",
            "module.production.aws_vpc.mjkim_vpc"
          ]
        },
        {
          "index_key": 1,
          "schema_version": 0,
          "attributes": {
            "gateway_id": "",
            "id": "rtbassoc-036590d3ddc6ad450",
            "route_table_id": "rtb-05412aa28cc7f356e",
            "subnet_id": "subnet-0fe60c9f0955cb4f8"
          },
          "sensitive_attributes": [],
          "private": "bnVsbA==",
          "dependencies": [
            "module.production.aws_internet_gateway.mjkim_ig",
            "module.production.aws_route_table.mjkim_rt",
            "module.production.aws_subnet.mjkim_pub",
            "module.production.aws_vpc.mjkim_vpc"
          ]
        }
      ]
    },
    {
      "module": "module.production",
      "mode": "managed",
      "type": "aws_subnet",
      "name": "mjkim_pri",
      "provider": "module.production.provider[\"registry.terraform.io/hashicorp/aws\"]",
      "instances": [
        {
          "index_key": 0,
          "schema_version": 1,
          "attributes": {
            "arn": "arn:aws:ec2:ap-northeast-2:009543462659:subnet/subnet-04d8c04c7f59ac598",
            "assign_ipv6_address_on_creation": false,
            "availability_zone": "ap-northeast-2a",
            "availability_zone_id": "apne2-az1",
            "cidr_block": "10.0.1.0/24",
            "customer_owned_ipv4_pool": "",
            "id": "subnet-04d8c04c7f59ac598",
            "ipv6_cidr_block": "",
            "ipv6_cidr_block_association_id": "",
            "map_customer_owned_ip_on_launch": false,
            "map_public_ip_on_launch": false,
            "outpost_arn": "",
            "owner_id": "009543462659",
            "tags": {
              "Name": "pri-a"
            },
            "tags_all": {
              "Name": "pri-a"
            },
            "timeouts": null,
            "vpc_id": "vpc-0a269bad08b6ce9aa"
          },
          "sensitive_attributes": [],
          "private": "eyJlMmJmYjczMC1lY2FhLTExZTYtOGY4OC0zNDM2M2JjN2M0YzAiOnsiY3JlYXRlIjo2MDAwMDAwMDAwMDAsImRlbGV0ZSI6MTIwMDAwMDAwMDAwMH0sInNjaGVtYV92ZXJzaW9uIjoiMSJ9",
          "dependencies": [
            "module.production.aws_vpc.mjkim_vpc"
          ]
        },
        {
          "index_key": 1,
          "schema_version": 1,
          "attributes": {
            "arn": "arn:aws:ec2:ap-northeast-2:009543462659:subnet/subnet-08eafe825706833b9",
            "assign_ipv6_address_on_creation": false,
            "availability_zone": "ap-northeast-2c",
            "availability_zone_id": "apne2-az3",
            "cidr_block": "10.0.3.0/24",
            "customer_owned_ipv4_pool": "",
            "id": "subnet-08eafe825706833b9",
            "ipv6_cidr_block": "",
            "ipv6_cidr_block_association_id": "",
            "map_customer_owned_ip_on_launch": false,
            "map_public_ip_on_launch": false,
            "outpost_arn": "",
            "owner_id": "009543462659",
            "tags": {
              "Name": "pri-c"
            },
            "tags_all": {
              "Name": "pri-c"
            },
            "timeouts": null,
            "vpc_id": "vpc-0a269bad08b6ce9aa"
          },
          "sensitive_attributes": [],
          "private": "eyJlMmJmYjczMC1lY2FhLTExZTYtOGY4OC0zNDM2M2JjN2M0YzAiOnsiY3JlYXRlIjo2MDAwMDAwMDAwMDAsImRlbGV0ZSI6MTIwMDAwMDAwMDAwMH0sInNjaGVtYV92ZXJzaW9uIjoiMSJ9",
          "dependencies": [
            "module.production.aws_vpc.mjkim_vpc"
          ]
        }
      ]
    },
    {
      "module": "module.production",
      "mode": "managed",
      "type": "aws_subnet",
      "name": "mjkim_pridb",
      "provider": "module.production.provider[\"registry.terraform.io/hashicorp/aws\"]",
      "instances": [
        {
          "index_key": 0,
          "schema_version": 1,
          "attributes": {
            "arn": "arn:aws:ec2:ap-northeast-2:009543462659:subnet/subnet-09850a41be0937dc7",
            "assign_ipv6_address_on_creation": false,
            "availability_zone": "ap-northeast-2a",
            "availability_zone_id": "apne2-az1",
            "cidr_block": "10.0.4.0/24",
            "customer_owned_ipv4_pool": "",
            "id": "subnet-09850a41be0937dc7",
            "ipv6_cidr_block": "",
            "ipv6_cidr_block_association_id": "",
            "map_customer_owned_ip_on_launch": false,
            "map_public_ip_on_launch": false,
            "outpost_arn": "",
            "owner_id": "009543462659",
            "tags": {
              "Name": "pridb-a"
            },
            "tags_all": {
              "Name": "pridb-a"
            },
            "timeouts": null,
            "vpc_id": "vpc-0a269bad08b6ce9aa"
          },
          "sensitive_attributes": [],
          "private": "eyJlMmJmYjczMC1lY2FhLTExZTYtOGY4OC0zNDM2M2JjN2M0YzAiOnsiY3JlYXRlIjo2MDAwMDAwMDAwMDAsImRlbGV0ZSI6MTIwMDAwMDAwMDAwMH0sInNjaGVtYV92ZXJzaW9uIjoiMSJ9",
          "dependencies": [
            "module.production.aws_vpc.mjkim_vpc"
          ]
        },
        {
          "index_key": 1,
          "schema_version": 1,
          "attributes": {
            "arn": "arn:aws:ec2:ap-northeast-2:009543462659:subnet/subnet-010cd24db6ef54730",
            "assign_ipv6_address_on_creation": false,
            "availability_zone": "ap-northeast-2c",
            "availability_zone_id": "apne2-az3",
            "cidr_block": "10.0.5.0/24",
            "customer_owned_ipv4_pool": "",
            "id": "subnet-010cd24db6ef54730",
            "ipv6_cidr_block": "",
            "ipv6_cidr_block_association_id": "",
            "map_customer_owned_ip_on_launch": false,
            "map_public_ip_on_launch": false,
            "outpost_arn": "",
            "owner_id": "009543462659",
            "tags": {
              "Name": "pridb-c"
            },
            "tags_all": {
              "Name": "pridb-c"
            },
            "timeouts": null,
            "vpc_id": "vpc-0a269bad08b6ce9aa"
          },
          "sensitive_attributes": [],
          "private": "eyJlMmJmYjczMC1lY2FhLTExZTYtOGY4OC0zNDM2M2JjN2M0YzAiOnsiY3JlYXRlIjo2MDAwMDAwMDAwMDAsImRlbGV0ZSI6MTIwMDAwMDAwMDAwMH0sInNjaGVtYV92ZXJzaW9uIjoiMSJ9",
          "dependencies": [
            "module.production.aws_vpc.mjkim_vpc"
          ]
        }
      ]
    },
    {
      "module": "module.production",
      "mode": "managed",
      "type": "aws_subnet",
      "name": "mjkim_pub",
      "provider": "module.production.provider[\"registry.terraform.io/hashicorp/aws\"]",
      "instances": [
        {
          "index_key": 0,
          "schema_version": 1,
          "attributes": {
            "arn": "arn:aws:ec2:ap-northeast-2:009543462659:subnet/subnet-01f4ffab6b7eebba5",
            "assign_ipv6_address_on_creation": false,
            "availability_zone": "ap-northeast-2a",
            "availability_zone_id": "apne2-az1",
            "cidr_block": "10.0.0.0/24",
            "customer_owned_ipv4_pool": "",
            "id": "subnet-01f4ffab6b7eebba5",
            "ipv6_cidr_block": "",
            "ipv6_cidr_block_association_id": "",
            "map_customer_owned_ip_on_launch": false,
            "map_public_ip_on_launch": false,
            "outpost_arn": "",
            "owner_id": "009543462659",
            "tags": {
              "Name": "pub-a"
            },
            "tags_all": {
              "Name": "pub-a"
            },
            "timeouts": null,
            "vpc_id": "vpc-0a269bad08b6ce9aa"
          },
          "sensitive_attributes": [],
          "private": "eyJlMmJmYjczMC1lY2FhLTExZTYtOGY4OC0zNDM2M2JjN2M0YzAiOnsiY3JlYXRlIjo2MDAwMDAwMDAwMDAsImRlbGV0ZSI6MTIwMDAwMDAwMDAwMH0sInNjaGVtYV92ZXJzaW9uIjoiMSJ9",
          "dependencies": [
            "module.production.aws_vpc.mjkim_vpc"
          ]
        },
        {
          "index_key": 1,
          "schema_version": 1,
          "attributes": {
            "arn": "arn:aws:ec2:ap-northeast-2:009543462659:subnet/subnet-0fe60c9f0955cb4f8",
            "assign_ipv6_address_on_creation": false,
            "availability_zone": "ap-northeast-2c",
            "availability_zone_id": "apne2-az3",
            "cidr_block": "10.0.2.0/24",
            "customer_owned_ipv4_pool": "",
            "id": "subnet-0fe60c9f0955cb4f8",
            "ipv6_cidr_block": "",
            "ipv6_cidr_block_association_id": "",
            "map_customer_owned_ip_on_launch": false,
            "map_public_ip_on_launch": false,
            "outpost_arn": "",
            "owner_id": "009543462659",
            "tags": {
              "Name": "pub-c"
            },
            "tags_all": {
              "Name": "pub-c"
            },
            "timeouts": null,
            "vpc_id": "vpc-0a269bad08b6ce9aa"
          },
          "sensitive_attributes": [],
          "private": "eyJlMmJmYjczMC1lY2FhLTExZTYtOGY4OC0zNDM2M2JjN2M0YzAiOnsiY3JlYXRlIjo2MDAwMDAwMDAwMDAsImRlbGV0ZSI6MTIwMDAwMDAwMDAwMH0sInNjaGVtYV92ZXJzaW9uIjoiMSJ9",
          "dependencies": [
            "module.production.aws_vpc.mjkim_vpc"
          ]
        }
      ]
    },
    {
      "module": "module.production",
      "mode": "managed",
      "type": "aws_vpc",
      "name": "mjkim_vpc",
      "provider": "module.production.provider[\"registry.terraform.io/hashicorp/aws\"]",
      "instances": [
        {
          "schema_version": 1,
          "attributes": {
            "arn": "arn:aws:ec2:ap-northeast-2:009543462659:vpc/vpc-0a269bad08b6ce9aa",
            "assign_generated_ipv6_cidr_block": false,
            "cidr_block": "10.0.0.0/16",
            "default_network_acl_id": "acl-09f199e82b7008868",
            "default_route_table_id": "rtb-03af1fbaa31791cbc",
            "default_security_group_id": "sg-093e23d3d81628f93",
            "dhcp_options_id": "dopt-0b70260e0bad69e1c",
            "enable_classiclink": null,
            "enable_classiclink_dns_support": null,
            "enable_dns_hostnames": true,
            "enable_dns_support": true,
            "id": "vpc-0a269bad08b6ce9aa",
            "instance_tenancy": "default",
            "ipv6_association_id": "",
            "ipv6_cidr_block": "",
            "main_route_table_id": "rtb-03af1fbaa31791cbc",
            "owner_id": "009543462659",
            "tags": {
              "Name": "mjkim-vpc"
            },
            "tags_all": {
              "Name": "mjkim-vpc"
            }
          },
          "sensitive_attributes": [],
          "private": "eyJzY2hlbWFfdmVyc2lvbiI6IjEifQ=="
        }
      ]
    }
  ]
}
