{
  "version": 4,
  "terraform_version": "1.0.9",
  "serial": 13,
  "lineage": "27a83045-fc2e-5a53-2f0d-d0f7d99976f5",
  "outputs": {},
  "resources": [
    {
      "module": "module.stage",
      "mode": "managed",
      "type": "aws_internet_gateway",
      "name": "mjkim_ig",
      "provider": "module.stage.provider[\"registry.terraform.io/hashicorp/aws\"]",
      "instances": [
        {
          "schema_version": 0,
          "attributes": {
            "arn": "arn:aws:ec2:ap-northeast-1:009543462659:internet-gateway/igw-0007ade1ec0f6304e",
            "id": "igw-0007ade1ec0f6304e",
            "owner_id": "009543462659",
            "tags": {
              "Name": "mjkim-ig"
            },
            "tags_all": {
              "Name": "mjkim-ig"
            },
            "vpc_id": "vpc-0e000b1a6d378e96c"
          },
          "sensitive_attributes": [],
          "private": "bnVsbA==",
          "dependencies": [
            "module.stage.aws_vpc.mjkim_vpc"
          ]
        }
      ]
    },
    {
      "module": "module.stage",
      "mode": "managed",
      "type": "aws_key_pair",
      "name": "mjkim_key",
      "provider": "module.stage.provider[\"registry.terraform.io/hashicorp/aws\"]",
      "instances": [
        {
          "schema_version": 1,
          "attributes": {
            "arn": "arn:aws:ec2:ap-northeast-1:009543462659:key-pair/var.key1",
            "fingerprint": "3e:1d:e2:18:43:c5:49:42:91:d6:b8:b7:97:91:9a:e9",
            "id": "var.key1",
            "key_name": "var.key1",
            "key_name_prefix": null,
            "key_pair_id": "key-0e7bde1fb6b473728",
            "public_key": "ssh-rsa AAAAB3NzaC1yc2EAAAADAQABAAABgQCwUJ5DVMDCogvFzLYeEQO7NLZ6ZLwiUF/4yTiQ6ty9JZup2N/rzgI2qjWobD+IVDdU38TVMXLGfcnE0WorrQGFdwJRpA9f/ru5Hk7oxrlAIpOW6LF0wIWX9ugeV4Ws9n21AhQcCbksCOh0tdYMVdaGYEnDxfRqevIXsk2Vm1yVBfKQzy+ldlY5sDpxFZOkrxxDo9NAB6BAmgWF+AvOXMWTVl9hAEtncVzuGsagIDJvHRlv5lB95TdEEBIwVIclZeuMKlpFRfdHkxb38qGBSlYBUvHtqNKzdFKpZzmrPgqgzGBIKCFvMwsh+f4tnJ5xkXEAwLu/9Ab9/dzyg1HgKgLgQc2+6Xo92bL74cxK+fwtQH5tfgBZgW/XugKE0gxDoV5mnzlcWnJJ4wslh8Jacuvsq8zXQkTLJBRFa+pEEpJD176S1WqoFCOPMn8V1+7419P3TR+h1y00op4+th3OBW9EOROZD+FsF80B7447ihkxiP4GDpmGvDGC0h5fp5AiRCk= user@LAPTOP-CISI8I61",
            "tags": null,
            "tags_all": {}
          },
          "sensitive_attributes": [],
          "private": "eyJzY2hlbWFfdmVyc2lvbiI6IjEifQ=="
        }
      ]
    },
    {
      "module": "module.stage",
      "mode": "managed",
      "type": "aws_route_table",
      "name": "mjkim_rt",
      "provider": "module.stage.provider[\"registry.terraform.io/hashicorp/aws\"]",
      "instances": [
        {
          "schema_version": 0,
          "attributes": {
            "arn": "arn:aws:ec2:ap-northeast-1:009543462659:route-table/rtb-0c289dc566f81a25c",
            "id": "rtb-0c289dc566f81a25c",
            "owner_id": "009543462659",
            "propagating_vgws": [],
            "route": [
              {
                "carrier_gateway_id": "",
                "cidr_block": "0.0.0.0/0",
                "destination_prefix_list_id": "",
                "egress_only_gateway_id": "",
                "gateway_id": "igw-0007ade1ec0f6304e",
                "instance_id": "",
                "ipv6_cidr_block": "",
                "local_gateway_id": "",
                "nat_gateway_id": "",
                "network_interface_id": "",
                "transit_gateway_id": "",
                "vpc_endpoint_id": "",
                "vpc_peering_connection_id": ""
              }
            ],
            "tags": {
              "Name": "mjkim-rt"
            },
            "tags_all": {
              "Name": "mjkim-rt"
            },
            "timeouts": null,
            "vpc_id": "vpc-0e000b1a6d378e96c"
          },
          "sensitive_attributes": [],
          "private": "eyJlMmJmYjczMC1lY2FhLTExZTYtOGY4OC0zNDM2M2JjN2M0YzAiOnsiY3JlYXRlIjoxMjAwMDAwMDAwMDAsImRlbGV0ZSI6MzAwMDAwMDAwMDAwLCJ1cGRhdGUiOjEyMDAwMDAwMDAwMH19",
          "dependencies": [
            "module.stage.aws_internet_gateway.mjkim_ig",
            "module.stage.aws_vpc.mjkim_vpc"
          ]
        }
      ]
    },
    {
      "module": "module.stage",
      "mode": "managed",
      "type": "aws_route_table_association",
      "name": "mjkim_rtas_a",
      "provider": "module.stage.provider[\"registry.terraform.io/hashicorp/aws\"]",
      "instances": [
        {
          "index_key": 0,
          "schema_version": 0,
          "attributes": {
            "gateway_id": "",
            "id": "rtbassoc-00e52734b1d9e2043",
            "route_table_id": "rtb-0c289dc566f81a25c",
            "subnet_id": "subnet-0c1f815ba7a27affa"
          },
          "sensitive_attributes": [],
          "private": "bnVsbA==",
          "dependencies": [
            "module.stage.aws_internet_gateway.mjkim_ig",
            "module.stage.aws_route_table.mjkim_rt",
            "module.stage.aws_subnet.mjkim_pub",
            "module.stage.aws_vpc.mjkim_vpc"
          ]
        },
        {
          "index_key": 1,
          "schema_version": 0,
          "attributes": {
            "gateway_id": "",
            "id": "rtbassoc-0a3d3078c5e43b341",
            "route_table_id": "rtb-0c289dc566f81a25c",
            "subnet_id": "subnet-00e168659a079506e"
          },
          "sensitive_attributes": [],
          "private": "bnVsbA==",
          "dependencies": [
            "module.stage.aws_internet_gateway.mjkim_ig",
            "module.stage.aws_route_table.mjkim_rt",
            "module.stage.aws_subnet.mjkim_pub",
            "module.stage.aws_vpc.mjkim_vpc"
          ]
        }
      ]
    },
    {
      "module": "module.stage",
      "mode": "managed",
      "type": "aws_subnet",
      "name": "mjkim_pri",
      "provider": "module.stage.provider[\"registry.terraform.io/hashicorp/aws\"]",
      "instances": [
        {
          "index_key": 0,
          "schema_version": 1,
          "attributes": {
            "arn": "arn:aws:ec2:ap-northeast-1:009543462659:subnet/subnet-02e8e8c96b6e35c4c",
            "assign_ipv6_address_on_creation": false,
            "availability_zone": "ap-northeast-1a",
            "availability_zone_id": "apne1-az4",
            "cidr_block": "192.168.1.0/24",
            "customer_owned_ipv4_pool": "",
            "id": "subnet-02e8e8c96b6e35c4c",
            "ipv6_cidr_block": "",
            "ipv6_cidr_block_association_id": "",
            "map_customer_owned_ip_on_launch": false,
            "map_public_ip_on_launch": false,
            "outpost_arn": "",
            "owner_id": "009543462659",
            "tags": {
              "Name": "pri-a"
            },
            "tags_all": {
              "Name": "pri-a"
            },
            "timeouts": null,
            "vpc_id": "vpc-0e000b1a6d378e96c"
          },
          "sensitive_attributes": [],
          "private": "eyJlMmJmYjczMC1lY2FhLTExZTYtOGY4OC0zNDM2M2JjN2M0YzAiOnsiY3JlYXRlIjo2MDAwMDAwMDAwMDAsImRlbGV0ZSI6MTIwMDAwMDAwMDAwMH0sInNjaGVtYV92ZXJzaW9uIjoiMSJ9",
          "dependencies": [
            "module.stage.aws_vpc.mjkim_vpc"
          ]
        },
        {
          "index_key": 1,
          "schema_version": 1,
          "attributes": {
            "arn": "arn:aws:ec2:ap-northeast-1:009543462659:subnet/subnet-0e2b64970f62a7b47",
            "assign_ipv6_address_on_creation": false,
            "availability_zone": "ap-northeast-1c",
            "availability_zone_id": "apne1-az1",
            "cidr_block": "192.168.3.0/24",
            "customer_owned_ipv4_pool": "",
            "id": "subnet-0e2b64970f62a7b47",
            "ipv6_cidr_block": "",
            "ipv6_cidr_block_association_id": "",
            "map_customer_owned_ip_on_launch": false,
            "map_public_ip_on_launch": false,
            "outpost_arn": "",
            "owner_id": "009543462659",
            "tags": {
              "Name": "pri-c"
            },
            "tags_all": {
              "Name": "pri-c"
            },
            "timeouts": null,
            "vpc_id": "vpc-0e000b1a6d378e96c"
          },
          "sensitive_attributes": [],
          "private": "eyJlMmJmYjczMC1lY2FhLTExZTYtOGY4OC0zNDM2M2JjN2M0YzAiOnsiY3JlYXRlIjo2MDAwMDAwMDAwMDAsImRlbGV0ZSI6MTIwMDAwMDAwMDAwMH0sInNjaGVtYV92ZXJzaW9uIjoiMSJ9",
          "dependencies": [
            "module.stage.aws_vpc.mjkim_vpc"
          ]
        }
      ]
    },
    {
      "module": "module.stage",
      "mode": "managed",
      "type": "aws_subnet",
      "name": "mjkim_pridb",
      "provider": "module.stage.provider[\"registry.terraform.io/hashicorp/aws\"]",
      "instances": [
        {
          "index_key": 0,
          "schema_version": 1,
          "attributes": {
            "arn": "arn:aws:ec2:ap-northeast-1:009543462659:subnet/subnet-08d566bf54ed92399",
            "assign_ipv6_address_on_creation": false,
            "availability_zone": "ap-northeast-1a",
            "availability_zone_id": "apne1-az4",
            "cidr_block": "192.168.4.0/24",
            "customer_owned_ipv4_pool": "",
            "id": "subnet-08d566bf54ed92399",
            "ipv6_cidr_block": "",
            "ipv6_cidr_block_association_id": "",
            "map_customer_owned_ip_on_launch": false,
            "map_public_ip_on_launch": false,
            "outpost_arn": "",
            "owner_id": "009543462659",
            "tags": {
              "Name": "pridb-a"
            },
            "tags_all": {
              "Name": "pridb-a"
            },
            "timeouts": null,
            "vpc_id": "vpc-0e000b1a6d378e96c"
          },
          "sensitive_attributes": [],
          "private": "eyJlMmJmYjczMC1lY2FhLTExZTYtOGY4OC0zNDM2M2JjN2M0YzAiOnsiY3JlYXRlIjo2MDAwMDAwMDAwMDAsImRlbGV0ZSI6MTIwMDAwMDAwMDAwMH0sInNjaGVtYV92ZXJzaW9uIjoiMSJ9",
          "dependencies": [
            "module.stage.aws_vpc.mjkim_vpc"
          ]
        },
        {
          "index_key": 1,
          "schema_version": 1,
          "attributes": {
            "arn": "arn:aws:ec2:ap-northeast-1:009543462659:subnet/subnet-0c2338bc0c59a8b9f",
            "assign_ipv6_address_on_creation": false,
            "availability_zone": "ap-northeast-1c",
            "availability_zone_id": "apne1-az1",
            "cidr_block": "192.168.5.0/24",
            "customer_owned_ipv4_pool": "",
            "id": "subnet-0c2338bc0c59a8b9f",
            "ipv6_cidr_block": "",
            "ipv6_cidr_block_association_id": "",
            "map_customer_owned_ip_on_launch": false,
            "map_public_ip_on_launch": false,
            "outpost_arn": "",
            "owner_id": "009543462659",
            "tags": {
              "Name": "pridb-c"
            },
            "tags_all": {
              "Name": "pridb-c"
            },
            "timeouts": null,
            "vpc_id": "vpc-0e000b1a6d378e96c"
          },
          "sensitive_attributes": [],
          "private": "eyJlMmJmYjczMC1lY2FhLTExZTYtOGY4OC0zNDM2M2JjN2M0YzAiOnsiY3JlYXRlIjo2MDAwMDAwMDAwMDAsImRlbGV0ZSI6MTIwMDAwMDAwMDAwMH0sInNjaGVtYV92ZXJzaW9uIjoiMSJ9",
          "dependencies": [
            "module.stage.aws_vpc.mjkim_vpc"
          ]
        }
      ]
    },
    {
      "module": "module.stage",
      "mode": "managed",
      "type": "aws_subnet",
      "name": "mjkim_pub",
      "provider": "module.stage.provider[\"registry.terraform.io/hashicorp/aws\"]",
      "instances": [
        {
          "index_key": 0,
          "schema_version": 1,
          "attributes": {
            "arn": "arn:aws:ec2:ap-northeast-1:009543462659:subnet/subnet-0c1f815ba7a27affa",
            "assign_ipv6_address_on_creation": false,
            "availability_zone": "ap-northeast-1a",
            "availability_zone_id": "apne1-az4",
            "cidr_block": "192.168.0.0/24",
            "customer_owned_ipv4_pool": "",
            "id": "subnet-0c1f815ba7a27affa",
            "ipv6_cidr_block": "",
            "ipv6_cidr_block_association_id": "",
            "map_customer_owned_ip_on_launch": false,
            "map_public_ip_on_launch": false,
            "outpost_arn": "",
            "owner_id": "009543462659",
            "tags": {
              "Name": "pub-a"
            },
            "tags_all": {
              "Name": "pub-a"
            },
            "timeouts": null,
            "vpc_id": "vpc-0e000b1a6d378e96c"
          },
          "sensitive_attributes": [],
          "private": "eyJlMmJmYjczMC1lY2FhLTExZTYtOGY4OC0zNDM2M2JjN2M0YzAiOnsiY3JlYXRlIjo2MDAwMDAwMDAwMDAsImRlbGV0ZSI6MTIwMDAwMDAwMDAwMH0sInNjaGVtYV92ZXJzaW9uIjoiMSJ9",
          "dependencies": [
            "module.stage.aws_vpc.mjkim_vpc"
          ]
        },
        {
          "index_key": 1,
          "schema_version": 1,
          "attributes": {
            "arn": "arn:aws:ec2:ap-northeast-1:009543462659:subnet/subnet-00e168659a079506e",
            "assign_ipv6_address_on_creation": false,
            "availability_zone": "ap-northeast-1c",
            "availability_zone_id": "apne1-az1",
            "cidr_block": "192.168.2.0/24",
            "customer_owned_ipv4_pool": "",
            "id": "subnet-00e168659a079506e",
            "ipv6_cidr_block": "",
            "ipv6_cidr_block_association_id": "",
            "map_customer_owned_ip_on_launch": false,
            "map_public_ip_on_launch": false,
            "outpost_arn": "",
            "owner_id": "009543462659",
            "tags": {
              "Name": "pub-c"
            },
            "tags_all": {
              "Name": "pub-c"
            },
            "timeouts": null,
            "vpc_id": "vpc-0e000b1a6d378e96c"
          },
          "sensitive_attributes": [],
          "private": "eyJlMmJmYjczMC1lY2FhLTExZTYtOGY4OC0zNDM2M2JjN2M0YzAiOnsiY3JlYXRlIjo2MDAwMDAwMDAwMDAsImRlbGV0ZSI6MTIwMDAwMDAwMDAwMH0sInNjaGVtYV92ZXJzaW9uIjoiMSJ9",
          "dependencies": [
            "module.stage.aws_vpc.mjkim_vpc"
          ]
        }
      ]
    },
    {
      "module": "module.stage",
      "mode": "managed",
      "type": "aws_vpc",
      "name": "mjkim_vpc",
      "provider": "module.stage.provider[\"registry.terraform.io/hashicorp/aws\"]",
      "instances": [
        {
          "schema_version": 1,
          "attributes": {
            "arn": "arn:aws:ec2:ap-northeast-1:009543462659:vpc/vpc-0e000b1a6d378e96c",
            "assign_generated_ipv6_cidr_block": false,
            "cidr_block": "192.168.0.0/16",
            "default_network_acl_id": "acl-0c7301ce1f8feb735",
            "default_route_table_id": "rtb-04da81167513cebfb",
            "default_security_group_id": "sg-02709019ed32630f9",
            "dhcp_options_id": "dopt-a9866fcf",
            "enable_classiclink": false,
            "enable_classiclink_dns_support": false,
            "enable_dns_hostnames": true,
            "enable_dns_support": true,
            "id": "vpc-0e000b1a6d378e96c",
            "instance_tenancy": "default",
            "ipv6_association_id": "",
            "ipv6_cidr_block": "",
            "main_route_table_id": "rtb-04da81167513cebfb",
            "owner_id": "009543462659",
            "tags": {
              "Name": "mjkim-vpc"
            },
            "tags_all": {
              "Name": "mjkim-vpc"
            }
          },
          "sensitive_attributes": [],
          "private": "eyJzY2hlbWFfdmVyc2lvbiI6IjEifQ=="
        }
      ]
    }
  ]
}
